github.com/andybalholm/brotli v1.1.0 h1:eLK/J0ub2T4k4BhbDART5L1x0SRhBc1N2JrxSZ6s6eQ=
github.com/andybalholm/brotli v1.1.0/go.mod h1:sms7XGricuQIjHhpNz9leDs4PhxZk6R3b6MuzM5ZPc4=
github.com/bytedance/sonic v1.11.6 h1:oY34iUahn3q4Ljea0U/pzAVfhY0oG8FuhCp3qlGjGRo=
github.com/bytedance/sonic v1.11.6/go.mod h1:IQnKhFkG8DKCjJHHe0HFrFwKfiMvN2ujJGLCPJMGOlA=
github.com/cloudwego/base64x v0.1.4 h1:jwCgWpFbWp2pR8K+YFj2qC2T5XZ8XQbFfBQ6sJ1JgQ=
github.com/cloudwego/base64x v0.1.4/go.mod h1:0S9A7jZP5gBP8lbfEbL4kBnYHibpD8hVzgGjlB4pVkA=
github.com/cloudwego/iasm v0.2.0 h1:1KNIy1I1H9hNNFEEH3DVnI4UujN+1zjpuk6gwHLTssg=
github.com/cloudwego/iasm v0.2.0/go.mod h1:8rXZaNYT2n95jn+zTI1sDr+IgcD2GVs0nlbbQPiEFhY=
github.com/fasthttp/router v1.5.1 h1:3z4VqH7HqHrP7oHtSmFvWL3g0LgD8pCjFk5GxOhR/A=
github.com/fasthttp/router v1.5.1/go.mod h1:MQa1jEZhm4TcXUXACivTPI8kJgABvtVUJwqTCxRkJj0=
github.com/grbit/go-json v0.11.0 h1:jLnk1Mu3ntZvVzFGiVybG8dFgCn6LvHq5y1wMBYhlc=
github.com/grbit/go-json v0.11.0/go.mod h1:BGctBvQh0ZvYVI/x2VQjjx09dVnHh+BMCdM1NkWtJOY=
github.com/klauspost/compress v1.17.9 h1:6KIumPrER3LHsvBVuDa0r5xaG0Es51mhhB9BQB2qeMA=
github.com/klauspost/compress v1.17.9/go.mod h1:Di0epgTjJY877eYKx5yC51cX2A2Vl2ibi7bDH9ttBbw=
github.com/mymmrac/telego v0.31.3 h1:F8q0cBCRhK8sJzlmOo4JGJqkHU9KARHBkQp2J+p0gQo=
github.com/mymmrac/telego v0.31.3/go.mod h1:ny9WJpg4DgLuWqjCSjrAJ+QXMmRX1CjJeJGsph4Xy7A=
github.com/savsgio/gotils v0.0.0-20240303185622-093b76447511 h1:KiZfFuaCnG0Q5GqP5Q0Bt6uE11LsAiKNFMhD8s6I7Qo=
github.com/savsgio/gotils v0.0.0-20240303185622-093b76447511/go.mod h1:lI4AH1bEZhwNisaVu1MWhk2SwDjyJ3S60WNaFmSM5QQ=
github.com/valyala/bytebufferpool v1.0.0 h1:GqA5TC/0021Y/b9FG4Oi9Mr3q7XYx6KllzawFIhcdPw=
github.com/valyala/bytebufferpool v1.0.0/go.mod h1:6bBcMArwyJ5K/AmCkWv1jt77kVWyCJ6HpOuEn7z0Csc=
github.com/valyala/fasthttp v1.55.0 h1:Zkefzgt6a7+bVKHnu/YaYSOPfNYisylQoQH9Q1dFZ5E=
github.com/valyala/fasthttp v1.55.0/go.mod h1:NkY9JtkrpPKmgwV3HTaS3A6O1w2r0f0lf0sbl7pQv9o=
github.com/valyala/fastjson v1.6.4 h1:uAUNq9Z6ymTgGhcm0UynUAB6tlbakBrz6CQFax3BXVQ=
github.com/valyala/fastjson v1.6.4/go.mod h1:VCAqUFNrp89Qq1bh7fHzJ8uZhQ0YLXa5QQa7CqMkXhQ=